
Microsoft Visual Studio Solution File, Format Version 12.00
# Visual Studio 15
VisualStudioVersion = 15.0.28010.2046
MinimumVisualStudioVersion = 10.0.40219.1
Project("{FAE04EC0-301F-11D3-BF4B-00C04F79EFBC}") = "GPS", "GPS\GPS.csproj", "{DC427C18-10D8-46CC-B1A7-5135E69D12E5}"
EndProject
Global
	GlobalSection(SolutionConfigurationPlatforms) = preSolution
		Debug|Any CPU = Debug|Any CPU
		Release|Any CPU = Release|Any CPU
	EndGlobalSection
	GlobalSection(ProjectConfigurationPlatforms) = postSolution
		{DC427C18-10D8-46CC-B1A7-5135E69D12E5}.Debug|Any CPU.ActiveCfg = Debug|Any CPU
		{DC427C18-10D8-46CC-B1A7-5135E69D12E5}.Debug|Any CPU.Build.0 = Debug|Any CPU
		{DC427C18-10D8-46CC-B1A7-5135E69D12E5}.Release|Any CPU.ActiveCfg = Release|Any CPU
		{DC427C18-10D8-46CC-B1A7-5135E69D12E5}.Release|Any CPU.Build.0 = Release|Any CPU
	EndGlobalSection
	GlobalSection(SolutionProperties) = preSolution
		HideSolutionNode = FALSE
	EndGlobalSection
	GlobalSection(ExtensibilityGlobals) = postSolution
		SolutionGuid = {1EBE12C5-FD4F-41FC-9D20-051A55510F4E}
	EndGlobalSection
EndGlobal
